
Microsoft Visual Studio Solution File, Format Version 12.00
# Visual Studio Version 17
VisualStudioVersion = 17.5.33424.131
MinimumVisualStudioVersion = 10.0.40219.1
Project("{FAE04EC0-301F-11D3-BF4B-00C04F79EFBC}") = "StringLab(1-1)", "StringLab(1-1)\StringLab(1-1).csproj", "{8AA4037E-E9E6-42FC-BF0C-E1A6CDB63913}"
EndProject
Global
	GlobalSection(SolutionConfigurationPlatforms) = preSolution
		Debug|Any CPU = Debug|Any CPU
		Release|Any CPU = Release|Any CPU
	EndGlobalSection
	GlobalSection(ProjectConfigurationPlatforms) = postSolution
		{8AA4037E-E9E6-42FC-BF0C-E1A6CDB63913}.Debug|Any CPU.ActiveCfg = Debug|Any CPU
		{8AA4037E-E9E6-42FC-BF0C-E1A6CDB63913}.Debug|Any CPU.Build.0 = Debug|Any CPU
		{8AA4037E-E9E6-42FC-BF0C-E1A6CDB63913}.Release|Any CPU.ActiveCfg = Release|Any CPU
		{8AA4037E-E9E6-42FC-BF0C-E1A6CDB63913}.Release|Any CPU.Build.0 = Release|Any CPU
	EndGlobalSection
	GlobalSection(SolutionProperties) = preSolution
		HideSolutionNode = FALSE
	EndGlobalSection
	GlobalSection(ExtensibilityGlobals) = postSolution
		SolutionGuid = {598B6630-343F-482F-8F5F-B052CE22352A}
	EndGlobalSection
EndGlobal
